// !$*UTF8*$!
{
	archiveVersion = 1;
	classes = {
	};
	objectVersion = 46;
	objects = {

/* Begin PBXBuildFile section */
		9F0696E01B177CFE003F13AD /* Evaluator.cpp in Sources */ = {isa = PBXBuildFile; fileRef = 9F0696C71B177CFE003F13AD /* Evaluator.cpp */; };
		9F0696E11B177CFE003F13AD /* Info.cpp in Sources */ = {isa = PBXBuildFile; fileRef = 9F0696CB1B177CFE003F13AD /* Info.cpp */; };
		9F0696E21B177CFE003F13AD /* main.cpp in Sources */ = {isa = PBXBuildFile; fileRef = 9F0696CF1B177CFE003F13AD /* main.cpp */; };
		9F0696E31B177CFE003F13AD /* MoveGenerator.cpp in Sources */ = {isa = PBXBuildFile; fileRef = 9F0696D21B177CFE003F13AD /* MoveGenerator.cpp */; };
		9F0696E41B177CFE003F13AD /* Position.cpp in Sources */ = {isa = PBXBuildFile; fileRef = 9F0696D61B177CFE003F13AD /* Position.cpp */; };
		9F0696E51B177CFE003F13AD /* Searcher.cpp in Sources */ = {isa = PBXBuildFile; fileRef = 9F0696D81B177CFE003F13AD /* Searcher.cpp */; };
/* End PBXBuildFile section */

/* Begin PBXCopyFilesBuildPhase section */
		9F0696B91B177C8D003F13AD /* CopyFiles */ = {
			isa = PBXCopyFilesBuildPhase;
			buildActionMask = 2147483647;
			dstPath = /usr/share/man/man1/;
			dstSubfolderSpec = 0;
			files = (
			);
			runOnlyForDeploymentPostprocessing = 1;
		};
/* End PBXCopyFilesBuildPhase section */

/* Begin PBXFileReference section */
		9F0696BB1B177C8D003F13AD /* Arcardia */ = {isa = PBXFileReference; explicitFileType = "compiled.mach-o.executable"; includeInIndex = 0; path = Arcardia; sourceTree = BUILT_PRODUCTS_DIR; };
		9F0696C51B177CFE003F13AD /* Boolean.h */ = {isa = PBXFileReference; fileEncoding = 4; lastKnownFileType = sourcecode.c.h; name = Boolean.h; path = ../Arcadia/Boolean.h; sourceTree = "<group>"; };
		9F0696C61B177CFE003F13AD /* Character.h */ = {isa = PBXFileReference; fileEncoding = 4; lastKnownFileType = sourcecode.c.h; name = Character.h; path = ../Arcadia/Character.h; sourceTree = "<group>"; };
		9F0696C71B177CFE003F13AD /* Evaluator.cpp */ = {isa = PBXFileReference; fileEncoding = 4; lastKnownFileType = sourcecode.cpp.cpp; name = Evaluator.cpp; path = ../Arcadia/Evaluator.cpp; sourceTree = "<group>"; };
		9F0696C81B177CFE003F13AD /* Evaluator.h */ = {isa = PBXFileReference; fileEncoding = 4; lastKnownFileType = sourcecode.c.h; name = Evaluator.h; path = ../Arcadia/Evaluator.h; sourceTree = "<group>"; xcLanguageSpecificationIdentifier = xcode.lang.cpp; };
		9F0696C91B177CFE003F13AD /* global.h */ = {isa = PBXFileReference; fileEncoding = 4; lastKnownFileType = sourcecode.c.h; name = global.h; path = ../Arcadia/global.h; sourceTree = "<group>"; };
		9F0696CA1B177CFE003F13AD /* HashMap.h */ = {isa = PBXFileReference; fileEncoding = 4; lastKnownFileType = sourcecode.c.h; name = HashMap.h; path = ../Arcadia/HashMap.h; sourceTree = "<group>"; };
		9F0696CB1B177CFE003F13AD /* Info.cpp */ = {isa = PBXFileReference; fileEncoding = 4; lastKnownFileType = sourcecode.cpp.cpp; name = Info.cpp; path = ../Arcadia/Info.cpp; sourceTree = "<group>"; };
		9F0696CC1B177CFE003F13AD /* Info.h */ = {isa = PBXFileReference; fileEncoding = 4; lastKnownFileType = sourcecode.c.h; name = Info.h; path = ../Arcadia/Info.h; sourceTree = "<group>"; };
		9F0696CD1B177CFE003F13AD /* Integer.h */ = {isa = PBXFileReference; fileEncoding = 4; lastKnownFileType = sourcecode.c.h; name = Integer.h; path = ../Arcadia/Integer.h; sourceTree = "<group>"; };
		9F0696CE1B177CFE003F13AD /* Long.h */ = {isa = PBXFileReference; fileEncoding = 4; lastKnownFileType = sourcecode.c.h; name = Long.h; path = ../Arcadia/Long.h; sourceTree = "<group>"; };
		9F0696CF1B177CFE003F13AD /* main.cpp */ = {isa = PBXFileReference; fileEncoding = 4; lastKnownFileType = sourcecode.cpp.cpp; name = main.cpp; path = ../Arcadia/main.cpp; sourceTree = "<group>"; };
		9F0696D01B177CFE003F13AD /* Map.h */ = {isa = PBXFileReference; fileEncoding = 4; lastKnownFileType = sourcecode.c.h; name = Map.h; path = ../Arcadia/Map.h; sourceTree = "<group>"; };
		9F0696D11B177CFE003F13AD /* Move.h */ = {isa = PBXFileReference; fileEncoding = 4; lastKnownFileType = sourcecode.c.h; name = Move.h; path = ../Arcadia/Move.h; sourceTree = "<group>"; };
		9F0696D21B177CFE003F13AD /* MoveGenerator.cpp */ = {isa = PBXFileReference; fileEncoding = 4; lastKnownFileType = sourcecode.cpp.cpp; name = MoveGenerator.cpp; path = ../Arcadia/MoveGenerator.cpp; sourceTree = "<group>"; };
		9F0696D31B177CFE003F13AD /* MoveGenerator.h */ = {isa = PBXFileReference; fileEncoding = 4; lastKnownFileType = sourcecode.c.h; name = MoveGenerator.h; path = ../Arcadia/MoveGenerator.h; sourceTree = "<group>"; };
		9F0696D41B177CFE003F13AD /* Piece.h */ = {isa = PBXFileReference; fileEncoding = 4; lastKnownFileType = sourcecode.c.h; name = Piece.h; path = ../Arcadia/Piece.h; sourceTree = "<group>"; };
		9F0696D51B177CFE003F13AD /* PieceCount.h */ = {isa = PBXFileReference; fileEncoding = 4; lastKnownFileType = sourcecode.c.h; name = PieceCount.h; path = ../Arcadia/PieceCount.h; sourceTree = "<group>"; };
		9F0696D61B177CFE003F13AD /* Position.cpp */ = {isa = PBXFileReference; fileEncoding = 4; lastKnownFileType = sourcecode.cpp.cpp; name = Position.cpp; path = ../Arcadia/Position.cpp; sourceTree = "<group>"; };
		9F0696D71B177CFE003F13AD /* Position.h */ = {isa = PBXFileReference; fileEncoding = 4; lastKnownFileType = sourcecode.c.h; name = Position.h; path = ../Arcadia/Position.h; sourceTree = "<group>"; };
		9F0696D81B177CFE003F13AD /* Searcher.cpp */ = {isa = PBXFileReference; fileEncoding = 4; lastKnownFileType = sourcecode.cpp.cpp; name = Searcher.cpp; path = ../Arcadia/Searcher.cpp; sourceTree = "<group>"; };
		9F0696D91B177CFE003F13AD /* Searcher.h */ = {isa = PBXFileReference; fileEncoding = 4; lastKnownFileType = sourcecode.c.h; name = Searcher.h; path = ../Arcadia/Searcher.h; sourceTree = "<group>"; };
		9F0696DA1B177CFE003F13AD /* Set.h */ = {isa = PBXFileReference; fileEncoding = 4; lastKnownFileType = sourcecode.c.h; name = Set.h; path = ../Arcadia/Set.h; sourceTree = "<group>"; };
		9F0696DB1B177CFE003F13AD /* SortedSet.h */ = {isa = PBXFileReference; fileEncoding = 4; lastKnownFileType = sourcecode.c.h; name = SortedSet.h; path = ../Arcadia/SortedSet.h; sourceTree = "<group>"; };
		9F0696DC1B177CFE003F13AD /* Square.h */ = {isa = PBXFileReference; fileEncoding = 4; lastKnownFileType = sourcecode.c.h; name = Square.h; path = ../Arcadia/Square.h; sourceTree = "<group>"; };
		9F0696DD1B177CFE003F13AD /* String.h */ = {isa = PBXFileReference; fileEncoding = 4; lastKnownFileType = sourcecode.c.h; name = String.h; path = ../Arcadia/String.h; sourceTree = "<group>"; };
		9F0696DE1B177CFE003F13AD /* TransEntry.h */ = {isa = PBXFileReference; fileEncoding = 4; lastKnownFileType = sourcecode.c.h; name = TransEntry.h; path = ../Arcadia/TransEntry.h; sourceTree = "<group>"; };
		9F0696DF1B177CFE003F13AD /* TreeSet.h */ = {isa = PBXFileReference; fileEncoding = 4; lastKnownFileType = sourcecode.c.h; name = TreeSet.h; path = ../Arcadia/TreeSet.h; sourceTree = "<group>"; };
/* End PBXFileReference section */

/* Begin PBXFrameworksBuildPhase section */
		9F0696B81B177C8D003F13AD /* Frameworks */ = {
			isa = PBXFrameworksBuildPhase;
			buildActionMask = 2147483647;
			files = (
			);
			runOnlyForDeploymentPostprocessing = 0;
		};
/* End PBXFrameworksBuildPhase section */

/* Begin PBXGroup section */
		9F0696B21B177C8D003F13AD = {
			isa = PBXGroup;
			children = (
				9F0696C51B177CFE003F13AD /* Boolean.h */,
				9F0696C61B177CFE003F13AD /* Character.h */,
				9F0696C71B177CFE003F13AD /* Evaluator.cpp */,
				9F0696C81B177CFE003F13AD /* Evaluator.h */,
				9F0696C91B177CFE003F13AD /* global.h */,
				9F0696CA1B177CFE003F13AD /* HashMap.h */,
				9F0696CB1B177CFE003F13AD /* Info.cpp */,
				9F0696CC1B177CFE003F13AD /* Info.h */,
				9F0696CD1B177CFE003F13AD /* Integer.h */,
				9F0696CE1B177CFE003F13AD /* Long.h */,
				9F0696CF1B177CFE003F13AD /* main.cpp */,
				9F0696D01B177CFE003F13AD /* Map.h */,
				9F0696D11B177CFE003F13AD /* Move.h */,
				9F0696D21B177CFE003F13AD /* MoveGenerator.cpp */,
				9F0696D31B177CFE003F13AD /* MoveGenerator.h */,
				9F0696D41B177CFE003F13AD /* Piece.h */,
				9F0696D51B177CFE003F13AD /* PieceCount.h */,
				9F0696D61B177CFE003F13AD /* Position.cpp */,
				9F0696D71B177CFE003F13AD /* Position.h */,
				9F0696D81B177CFE003F13AD /* Searcher.cpp */,
				9F0696D91B177CFE003F13AD /* Searcher.h */,
				9F0696DA1B177CFE003F13AD /* Set.h */,
				9F0696DB1B177CFE003F13AD /* SortedSet.h */,
				9F0696DC1B177CFE003F13AD /* Square.h */,
				9F0696DD1B177CFE003F13AD /* String.h */,
				9F0696DE1B177CFE003F13AD /* TransEntry.h */,
				9F0696DF1B177CFE003F13AD /* TreeSet.h */,
				9F0696BC1B177C8D003F13AD /* Products */,
			);
			sourceTree = "<group>";
		};
		9F0696BC1B177C8D003F13AD /* Products */ = {
			isa = PBXGroup;
			children = (
				9F0696BB1B177C8D003F13AD /* Arcardia */,
			);
			name = Products;
			sourceTree = "<group>";
		};
/* End PBXGroup section */

/* Begin PBXNativeTarget section */
		9F0696BA1B177C8D003F13AD /* Arcardia */ = {
			isa = PBXNativeTarget;
			buildConfigurationList = 9F0696C21B177C8D003F13AD /* Build configuration list for PBXNativeTarget "Arcardia" */;
			buildPhases = (
				9F0696B71B177C8D003F13AD /* Sources */,
				9F0696B81B177C8D003F13AD /* Frameworks */,
				9F0696B91B177C8D003F13AD /* CopyFiles */,
			);
			buildRules = (
			);
			dependencies = (
			);
			name = Arcardia;
			productName = Arcardia;
			productReference = 9F0696BB1B177C8D003F13AD /* Arcardia */;
			productType = "com.apple.product-type.tool";
		};
/* End PBXNativeTarget section */

/* Begin PBXProject section */
		9F0696B31B177C8D003F13AD /* Project object */ = {
			isa = PBXProject;
			attributes = {
				LastUpgradeCheck = 0610;
				ORGANIZATIONNAME = "Nicolai Czempin";
				TargetAttributes = {
					9F0696BA1B177C8D003F13AD = {
						CreatedOnToolsVersion = 6.1.1;
					};
				};
			};
			buildConfigurationList = 9F0696B61B177C8D003F13AD /* Build configuration list for PBXProject "Arcardia" */;
			compatibilityVersion = "Xcode 3.2";
			developmentRegion = English;
			hasScannedForEncodings = 0;
			knownRegions = (
				en,
			);
			mainGroup = 9F0696B21B177C8D003F13AD;
			productRefGroup = 9F0696BC1B177C8D003F13AD /* Products */;
			projectDirPath = "";
			projectRoot = "";
			targets = (
				9F0696BA1B177C8D003F13AD /* Arcardia */,
			);
		};
/* End PBXProject section */

/* Begin PBXSourcesBuildPhase section */
		9F0696B71B177C8D003F13AD /* Sources */ = {
			isa = PBXSourcesBuildPhase;
			buildActionMask = 2147483647;
			files = (
				9F0696E31B177CFE003F13AD /* MoveGenerator.cpp in Sources */,
				9F0696E01B177CFE003F13AD /* Evaluator.cpp in Sources */,
				9F0696E11B177CFE003F13AD /* Info.cpp in Sources */,
				9F0696E21B177CFE003F13AD /* main.cpp in Sources */,
				9F0696E51B177CFE003F13AD /* Searcher.cpp in Sources */,
				9F0696E41B177CFE003F13AD /* Position.cpp in Sources */,
			);
			runOnlyForDeploymentPostprocessing = 0;
		};
/* End PBXSourcesBuildPhase section */

/* Begin XCBuildConfiguration section */
		9F0696C01B177C8D003F13AD /* Debug */ = {
			isa = XCBuildConfiguration;
			buildSettings = {
				ALWAYS_SEARCH_USER_PATHS = NO;
				CLANG_CXX_LANGUAGE_STANDARD = "gnu++0x";
				CLANG_CXX_LIBRARY = "libc++";
				CLANG_ENABLE_MODULES = YES;
				CLANG_ENABLE_OBJC_ARC = YES;
				CLANG_WARN_BOOL_CONVERSION = YES;
				CLANG_WARN_CONSTANT_CONVERSION = YES;
				CLANG_WARN_DIRECT_OBJC_ISA_USAGE = YES_ERROR;
				CLANG_WARN_EMPTY_BODY = YES;
				CLANG_WARN_ENUM_CONVERSION = YES;
				CLANG_WARN_INT_CONVERSION = YES;
				CLANG_WARN_OBJC_ROOT_CLASS = YES_ERROR;
				CLANG_WARN_UNREACHABLE_CODE = YES;
				CLANG_WARN__DUPLICATE_METHOD_MATCH = YES;
				COPY_PHASE_STRIP = NO;
				ENABLE_STRICT_OBJC_MSGSEND = YES;
				GCC_C_LANGUAGE_STANDARD = gnu99;
				GCC_DYNAMIC_NO_PIC = NO;
				GCC_OPTIMIZATION_LEVEL = 0;
				GCC_PREPROCESSOR_DEFINITIONS = (
					"DEBUG=1",
					"$(inherited)",
				);
				GCC_SYMBOLS_PRIVATE_EXTERN = NO;
				GCC_WARN_64_TO_32_BIT_CONVERSION = YES;
				GCC_WARN_ABOUT_RETURN_TYPE = YES_ERROR;
				GCC_WARN_UNDECLARED_SELECTOR = YES;
				GCC_WARN_UNINITIALIZED_AUTOS = YES_AGGRESSIVE;
				GCC_WARN_UNUSED_FUNCTION = YES;
				GCC_WARN_UNUSED_VARIABLE = YES;
				MACOSX_DEPLOYMENT_TARGET = 10.9;
				MTL_ENABLE_DEBUG_INFO = YES;
				ONLY_ACTIVE_ARCH = YES;
				SDKROOT = macosx;
			};
			name = Debug;
		};
		9F0696C11B177C8D003F13AD /* Release */ = {
			isa = XCBuildConfiguration;
			buildSettings = {
				ALWAYS_SEARCH_USER_PATHS = NO;
				CLANG_CXX_LANGUAGE_STANDARD = "gnu++0x";
				CLANG_CXX_LIBRARY = "libc++";
				CLANG_ENABLE_MODULES = YES;
				CLANG_ENABLE_OBJC_ARC = YES;
				CLANG_WARN_BOOL_CONVERSION = YES;
				CLANG_WARN_CONSTANT_CONVERSION = YES;
				CLANG_WARN_DIRECT_OBJC_ISA_USAGE = YES_ERROR;
				CLANG_WARN_EMPTY_BODY = YES;
				CLANG_WARN_ENUM_CONVERSION = YES;
				CLANG_WARN_INT_CONVERSION = YES;
				CLANG_WARN_OBJC_ROOT_CLASS = YES_ERROR;
				CLANG_WARN_UNREACHABLE_CODE = YES;
				CLANG_WARN__DUPLICATE_METHOD_MATCH = YES;
				COPY_PHASE_STRIP = YES;
				DEBUG_INFORMATION_FORMAT = "dwarf-with-dsym";
				ENABLE_NS_ASSERTIONS = NO;
				ENABLE_STRICT_OBJC_MSGSEND = YES;
				GCC_C_LANGUAGE_STANDARD = gnu99;
				GCC_WARN_64_TO_32_BIT_CONVERSION = YES;
				GCC_WARN_ABOUT_RETURN_TYPE = YES_ERROR;
				GCC_WARN_UNDECLARED_SELECTOR = YES;
				GCC_WARN_UNINITIALIZED_AUTOS = YES_AGGRESSIVE;
				GCC_WARN_UNUSED_FUNCTION = YES;
				GCC_WARN_UNUSED_VARIABLE = YES;
				MACOSX_DEPLOYMENT_TARGET = 10.9;
				MTL_ENABLE_DEBUG_INFO = NO;
				SDKROOT = macosx;
			};
			name = Release;
		};
		9F0696C31B177C8D003F13AD /* Debug */ = {
			isa = XCBuildConfiguration;
			buildSettings = {
				PRODUCT_NAME = "$(TARGET_NAME)";
			};
			name = Debug;
		};
		9F0696C41B177C8D003F13AD /* Release */ = {
			isa = XCBuildConfiguration;
			buildSettings = {
				PRODUCT_NAME = "$(TARGET_NAME)";
			};
			name = Release;
		};
/* End XCBuildConfiguration section */

/* Begin XCConfigurationList section */
		9F0696B61B177C8D003F13AD /* Build configuration list for PBXProject "Arcardia" */ = {
			isa = XCConfigurationList;
			buildConfigurations = (
				9F0696C01B177C8D003F13AD /* Debug */,
				9F0696C11B177C8D003F13AD /* Release */,
			);
			defaultConfigurationIsVisible = 0;
			defaultConfigurationName = Release;
		};
		9F0696C21B177C8D003F13AD /* Build configuration list for PBXNativeTarget "Arcardia" */ = {
			isa = XCConfigurationList;
			buildConfigurations = (
				9F0696C31B177C8D003F13AD /* Debug */,
				9F0696C41B177C8D003F13AD /* Release */,
			);
			defaultConfigurationIsVisible = 0;
		};
/* End XCConfigurationList section */
	};
	rootObject = 9F0696B31B177C8D003F13AD /* Project object */;
}
